
Microsoft Visual Studio Solution File, Format Version 12.00
# Visual Studio 15
VisualStudioVersion = 15.0.28010.2048
MinimumVisualStudioVersion = 10.0.40219.1
Project("{FAE04EC0-301F-11D3-BF4B-00C04F79EFBC}") = "ProyectoFinal", "ProyectoFinal\ProyectoFinal.csproj", "{809E0FE1-7B77-47EA-88DE-7D84191E6D2A}"
EndProject
Project("{FAE04EC0-301F-11D3-BF4B-00C04F79EFBC}") = "ProyectoFinalTests", "ProyectoFinalTests\ProyectoFinalTests.csproj", "{19147EAD-A6DA-439C-BBD1-D251031639BF}"
EndProject
Global
	GlobalSection(SolutionConfigurationPlatforms) = preSolution
		Debug|Any CPU = Debug|Any CPU
		Release|Any CPU = Release|Any CPU
	EndGlobalSection
	GlobalSection(ProjectConfigurationPlatforms) = postSolution
		{809E0FE1-7B77-47EA-88DE-7D84191E6D2A}.Debug|Any CPU.ActiveCfg = Debug|Any CPU
		{809E0FE1-7B77-47EA-88DE-7D84191E6D2A}.Debug|Any CPU.Build.0 = Debug|Any CPU
		{809E0FE1-7B77-47EA-88DE-7D84191E6D2A}.Release|Any CPU.ActiveCfg = Release|Any CPU
		{809E0FE1-7B77-47EA-88DE-7D84191E6D2A}.Release|Any CPU.Build.0 = Release|Any CPU
		{19147EAD-A6DA-439C-BBD1-D251031639BF}.Debug|Any CPU.ActiveCfg = Debug|Any CPU
		{19147EAD-A6DA-439C-BBD1-D251031639BF}.Debug|Any CPU.Build.0 = Debug|Any CPU
		{19147EAD-A6DA-439C-BBD1-D251031639BF}.Release|Any CPU.ActiveCfg = Release|Any CPU
		{19147EAD-A6DA-439C-BBD1-D251031639BF}.Release|Any CPU.Build.0 = Release|Any CPU
	EndGlobalSection
	GlobalSection(SolutionProperties) = preSolution
		HideSolutionNode = FALSE
	EndGlobalSection
	GlobalSection(ExtensibilityGlobals) = postSolution
		SolutionGuid = {2CC62F75-8952-49E0-BEC9-B1AEB3DC9DEF}
	EndGlobalSection
EndGlobal
