
Microsoft Visual Studio Solution File, Format Version 12.00
# Visual Studio Version 16
VisualStudioVersion = 16.0.29215.179
MinimumVisualStudioVersion = 10.0.40219.1
Project("{FAE04EC0-301F-11D3-BF4B-00C04F79EFBC}") = "ProyectoFinal", "ProyectoFinal\ProyectoFinal.csproj", "{809E0FE1-7B77-47EA-88DE-7D84191E6D2A}"
EndProject
Project("{FAE04EC0-301F-11D3-BF4B-00C04F79EFBC}") = "ProyectoFinalTests", "ProyectoFinalTests\ProyectoFinalTests.csproj", "{19147EAD-A6DA-439C-BBD1-D251031639BF}"
EndProject
Project("{FAE04EC0-301F-11D3-BF4B-00C04F79EFBC}") = "BLL", "BLL\BLL.csproj", "{9A9647C2-46DF-4A09-ACD3-CC3578E20094}"
EndProject
Project("{FAE04EC0-301F-11D3-BF4B-00C04F79EFBC}") = "DAL", "DAL\DAL.csproj", "{3E01A4AA-F2E5-4E1E-8439-B49FB7814A9A}"
EndProject
Project("{FAE04EC0-301F-11D3-BF4B-00C04F79EFBC}") = "Entidades", "Entidades\Entidades.csproj", "{61CA7A76-5372-482F-BC63-44CD30B46E6E}"
EndProject
Global
	GlobalSection(SolutionConfigurationPlatforms) = preSolution
		Debug|Any CPU = Debug|Any CPU
		Release|Any CPU = Release|Any CPU
	EndGlobalSection
	GlobalSection(ProjectConfigurationPlatforms) = postSolution
		{809E0FE1-7B77-47EA-88DE-7D84191E6D2A}.Debug|Any CPU.ActiveCfg = Debug|Any CPU
		{809E0FE1-7B77-47EA-88DE-7D84191E6D2A}.Debug|Any CPU.Build.0 = Debug|Any CPU
		{809E0FE1-7B77-47EA-88DE-7D84191E6D2A}.Release|Any CPU.ActiveCfg = Release|Any CPU
		{809E0FE1-7B77-47EA-88DE-7D84191E6D2A}.Release|Any CPU.Build.0 = Release|Any CPU
		{19147EAD-A6DA-439C-BBD1-D251031639BF}.Debug|Any CPU.ActiveCfg = Debug|Any CPU
		{19147EAD-A6DA-439C-BBD1-D251031639BF}.Debug|Any CPU.Build.0 = Debug|Any CPU
		{19147EAD-A6DA-439C-BBD1-D251031639BF}.Release|Any CPU.ActiveCfg = Release|Any CPU
		{19147EAD-A6DA-439C-BBD1-D251031639BF}.Release|Any CPU.Build.0 = Release|Any CPU
		{9A9647C2-46DF-4A09-ACD3-CC3578E20094}.Debug|Any CPU.ActiveCfg = Debug|Any CPU
		{9A9647C2-46DF-4A09-ACD3-CC3578E20094}.Debug|Any CPU.Build.0 = Debug|Any CPU
		{9A9647C2-46DF-4A09-ACD3-CC3578E20094}.Release|Any CPU.ActiveCfg = Release|Any CPU
		{9A9647C2-46DF-4A09-ACD3-CC3578E20094}.Release|Any CPU.Build.0 = Release|Any CPU
		{3E01A4AA-F2E5-4E1E-8439-B49FB7814A9A}.Debug|Any CPU.ActiveCfg = Debug|Any CPU
		{3E01A4AA-F2E5-4E1E-8439-B49FB7814A9A}.Debug|Any CPU.Build.0 = Debug|Any CPU
		{3E01A4AA-F2E5-4E1E-8439-B49FB7814A9A}.Release|Any CPU.ActiveCfg = Release|Any CPU
		{3E01A4AA-F2E5-4E1E-8439-B49FB7814A9A}.Release|Any CPU.Build.0 = Release|Any CPU
		{61CA7A76-5372-482F-BC63-44CD30B46E6E}.Debug|Any CPU.ActiveCfg = Debug|Any CPU
		{61CA7A76-5372-482F-BC63-44CD30B46E6E}.Debug|Any CPU.Build.0 = Debug|Any CPU
		{61CA7A76-5372-482F-BC63-44CD30B46E6E}.Release|Any CPU.ActiveCfg = Release|Any CPU
		{61CA7A76-5372-482F-BC63-44CD30B46E6E}.Release|Any CPU.Build.0 = Release|Any CPU
	EndGlobalSection
	GlobalSection(SolutionProperties) = preSolution
		HideSolutionNode = FALSE
	EndGlobalSection
	GlobalSection(ExtensibilityGlobals) = postSolution
		SolutionGuid = {2CC62F75-8952-49E0-BEC9-B1AEB3DC9DEF}
	EndGlobalSection
EndGlobal
